
Microsoft Visual Studio Solution File, Format Version 12.00
# Visual Studio 14
VisualStudioVersion = 14.0.25420.1
MinimumVisualStudioVersion = 10.0.40219.1
Project("{FAE04EC0-301F-11D3-BF4B-00C04F79EFBC}") = "GEV.Benchmark.API", "GEV.Benchmark.API\GEV.Benchmark.API.csproj", "{1A6A5E2F-CFEB-40FE-89DD-1DD449E7EAD9}"
EndProject
Global
	GlobalSection(SolutionConfigurationPlatforms) = preSolution
		Debug|Any CPU = Debug|Any CPU
		Debug|x64 = Debug|x64
		Debug|x86 = Debug|x86
		Encrypted|Any CPU = Encrypted|Any CPU
		Encrypted|x64 = Encrypted|x64
		Encrypted|x86 = Encrypted|x86
		Offline|Any CPU = Offline|Any CPU
		Offline|x64 = Offline|x64
		Offline|x86 = Offline|x86
		Optimized|Any CPU = Optimized|Any CPU
		Optimized|x64 = Optimized|x64
		Optimized|x86 = Optimized|x86
		Release|Any CPU = Release|Any CPU
		Release|x64 = Release|x64
		Release|x86 = Release|x86
		Slave|Any CPU = Slave|Any CPU
		Slave|x64 = Slave|x64
		Slave|x86 = Slave|x86
	EndGlobalSection
	GlobalSection(ProjectConfigurationPlatforms) = postSolution
		{B9036628-E426-40EC-9C12-AF88E1DF52FD}.Debug|Any CPU.ActiveCfg = Debug|Any CPU
		{B9036628-E426-40EC-9C12-AF88E1DF52FD}.Debug|Any CPU.Build.0 = Debug|Any CPU
		{B9036628-E426-40EC-9C12-AF88E1DF52FD}.Debug|x64.ActiveCfg = Debug|Any CPU
		{B9036628-E426-40EC-9C12-AF88E1DF52FD}.Debug|x64.Build.0 = Debug|Any CPU
		{B9036628-E426-40EC-9C12-AF88E1DF52FD}.Debug|x86.ActiveCfg = Debug|Any CPU
		{B9036628-E426-40EC-9C12-AF88E1DF52FD}.Debug|x86.Build.0 = Debug|Any CPU
		{B9036628-E426-40EC-9C12-AF88E1DF52FD}.Encrypted|Any CPU.ActiveCfg = Release|Any CPU
		{B9036628-E426-40EC-9C12-AF88E1DF52FD}.Encrypted|Any CPU.Build.0 = Release|Any CPU
		{B9036628-E426-40EC-9C12-AF88E1DF52FD}.Encrypted|x64.ActiveCfg = Release|Any CPU
		{B9036628-E426-40EC-9C12-AF88E1DF52FD}.Encrypted|x64.Build.0 = Release|Any CPU
		{B9036628-E426-40EC-9C12-AF88E1DF52FD}.Encrypted|x86.ActiveCfg = Release|Any CPU
		{B9036628-E426-40EC-9C12-AF88E1DF52FD}.Encrypted|x86.Build.0 = Release|Any CPU
		{B9036628-E426-40EC-9C12-AF88E1DF52FD}.Offline|Any CPU.ActiveCfg = Release|Any CPU
		{B9036628-E426-40EC-9C12-AF88E1DF52FD}.Offline|Any CPU.Build.0 = Release|Any CPU
		{B9036628-E426-40EC-9C12-AF88E1DF52FD}.Offline|x64.ActiveCfg = Release|Any CPU
		{B9036628-E426-40EC-9C12-AF88E1DF52FD}.Offline|x64.Build.0 = Release|Any CPU
		{B9036628-E426-40EC-9C12-AF88E1DF52FD}.Offline|x86.ActiveCfg = Release|Any CPU
		{B9036628-E426-40EC-9C12-AF88E1DF52FD}.Offline|x86.Build.0 = Release|Any CPU
		{B9036628-E426-40EC-9C12-AF88E1DF52FD}.Optimized|Any CPU.ActiveCfg = Release|Any CPU
		{B9036628-E426-40EC-9C12-AF88E1DF52FD}.Optimized|Any CPU.Build.0 = Release|Any CPU
		{B9036628-E426-40EC-9C12-AF88E1DF52FD}.Optimized|x64.ActiveCfg = Release|Any CPU
		{B9036628-E426-40EC-9C12-AF88E1DF52FD}.Optimized|x64.Build.0 = Release|Any CPU
		{B9036628-E426-40EC-9C12-AF88E1DF52FD}.Optimized|x86.ActiveCfg = Release|Any CPU
		{B9036628-E426-40EC-9C12-AF88E1DF52FD}.Optimized|x86.Build.0 = Release|Any CPU
		{B9036628-E426-40EC-9C12-AF88E1DF52FD}.Release|Any CPU.ActiveCfg = Release|Any CPU
		{B9036628-E426-40EC-9C12-AF88E1DF52FD}.Release|Any CPU.Build.0 = Release|Any CPU
		{B9036628-E426-40EC-9C12-AF88E1DF52FD}.Release|x64.ActiveCfg = Release|Any CPU
		{B9036628-E426-40EC-9C12-AF88E1DF52FD}.Release|x64.Build.0 = Release|Any CPU
		{B9036628-E426-40EC-9C12-AF88E1DF52FD}.Release|x86.ActiveCfg = Release|Any CPU
		{B9036628-E426-40EC-9C12-AF88E1DF52FD}.Release|x86.Build.0 = Release|Any CPU
		{B9036628-E426-40EC-9C12-AF88E1DF52FD}.Slave|Any CPU.ActiveCfg = Release|Any CPU
		{B9036628-E426-40EC-9C12-AF88E1DF52FD}.Slave|Any CPU.Build.0 = Release|Any CPU
		{B9036628-E426-40EC-9C12-AF88E1DF52FD}.Slave|x64.ActiveCfg = Release|Any CPU
		{B9036628-E426-40EC-9C12-AF88E1DF52FD}.Slave|x64.Build.0 = Release|Any CPU
		{B9036628-E426-40EC-9C12-AF88E1DF52FD}.Slave|x86.ActiveCfg = Release|Any CPU
		{B9036628-E426-40EC-9C12-AF88E1DF52FD}.Slave|x86.Build.0 = Release|Any CPU
		{D600916D-7255-44CA-8B2D-E7661ACA74B3}.Debug|Any CPU.ActiveCfg = Debug|Any CPU
		{D600916D-7255-44CA-8B2D-E7661ACA74B3}.Debug|Any CPU.Build.0 = Debug|Any CPU
		{D600916D-7255-44CA-8B2D-E7661ACA74B3}.Debug|x64.ActiveCfg = Debug|Any CPU
		{D600916D-7255-44CA-8B2D-E7661ACA74B3}.Debug|x64.Build.0 = Debug|Any CPU
		{D600916D-7255-44CA-8B2D-E7661ACA74B3}.Debug|x86.ActiveCfg = Debug|Any CPU
		{D600916D-7255-44CA-8B2D-E7661ACA74B3}.Debug|x86.Build.0 = Debug|Any CPU
		{D600916D-7255-44CA-8B2D-E7661ACA74B3}.Encrypted|Any CPU.ActiveCfg = Release|Any CPU
		{D600916D-7255-44CA-8B2D-E7661ACA74B3}.Encrypted|Any CPU.Build.0 = Release|Any CPU
		{D600916D-7255-44CA-8B2D-E7661ACA74B3}.Encrypted|x64.ActiveCfg = Release|Any CPU
		{D600916D-7255-44CA-8B2D-E7661ACA74B3}.Encrypted|x64.Build.0 = Release|Any CPU
		{D600916D-7255-44CA-8B2D-E7661ACA74B3}.Encrypted|x86.ActiveCfg = Release|Any CPU
		{D600916D-7255-44CA-8B2D-E7661ACA74B3}.Encrypted|x86.Build.0 = Release|Any CPU
		{D600916D-7255-44CA-8B2D-E7661ACA74B3}.Offline|Any CPU.ActiveCfg = Release|Any CPU
		{D600916D-7255-44CA-8B2D-E7661ACA74B3}.Offline|Any CPU.Build.0 = Release|Any CPU
		{D600916D-7255-44CA-8B2D-E7661ACA74B3}.Offline|x64.ActiveCfg = Release|Any CPU
		{D600916D-7255-44CA-8B2D-E7661ACA74B3}.Offline|x64.Build.0 = Release|Any CPU
		{D600916D-7255-44CA-8B2D-E7661ACA74B3}.Offline|x86.ActiveCfg = Release|Any CPU
		{D600916D-7255-44CA-8B2D-E7661ACA74B3}.Offline|x86.Build.0 = Release|Any CPU
		{D600916D-7255-44CA-8B2D-E7661ACA74B3}.Optimized|Any CPU.ActiveCfg = Release|Any CPU
		{D600916D-7255-44CA-8B2D-E7661ACA74B3}.Optimized|Any CPU.Build.0 = Release|Any CPU
		{D600916D-7255-44CA-8B2D-E7661ACA74B3}.Optimized|x64.ActiveCfg = Release|Any CPU
		{D600916D-7255-44CA-8B2D-E7661ACA74B3}.Optimized|x64.Build.0 = Release|Any CPU
		{D600916D-7255-44CA-8B2D-E7661ACA74B3}.Optimized|x86.ActiveCfg = Release|Any CPU
		{D600916D-7255-44CA-8B2D-E7661ACA74B3}.Optimized|x86.Build.0 = Release|Any CPU
		{D600916D-7255-44CA-8B2D-E7661ACA74B3}.Release|Any CPU.ActiveCfg = Release|Any CPU
		{D600916D-7255-44CA-8B2D-E7661ACA74B3}.Release|Any CPU.Build.0 = Release|Any CPU
		{D600916D-7255-44CA-8B2D-E7661ACA74B3}.Release|x64.ActiveCfg = Release|Any CPU
		{D600916D-7255-44CA-8B2D-E7661ACA74B3}.Release|x64.Build.0 = Release|Any CPU
		{D600916D-7255-44CA-8B2D-E7661ACA74B3}.Release|x86.ActiveCfg = Release|Any CPU
		{D600916D-7255-44CA-8B2D-E7661ACA74B3}.Release|x86.Build.0 = Release|Any CPU
		{D600916D-7255-44CA-8B2D-E7661ACA74B3}.Slave|Any CPU.ActiveCfg = Release|Any CPU
		{D600916D-7255-44CA-8B2D-E7661ACA74B3}.Slave|Any CPU.Build.0 = Release|Any CPU
		{D600916D-7255-44CA-8B2D-E7661ACA74B3}.Slave|x64.ActiveCfg = Release|Any CPU
		{D600916D-7255-44CA-8B2D-E7661ACA74B3}.Slave|x64.Build.0 = Release|Any CPU
		{D600916D-7255-44CA-8B2D-E7661ACA74B3}.Slave|x86.ActiveCfg = Release|Any CPU
		{D600916D-7255-44CA-8B2D-E7661ACA74B3}.Slave|x86.Build.0 = Release|Any CPU
		{1A6A5E2F-CFEB-40FE-89DD-1DD449E7EAD9}.Debug|Any CPU.ActiveCfg = Debug|Any CPU
		{1A6A5E2F-CFEB-40FE-89DD-1DD449E7EAD9}.Debug|Any CPU.Build.0 = Debug|Any CPU
		{1A6A5E2F-CFEB-40FE-89DD-1DD449E7EAD9}.Debug|x64.ActiveCfg = Debug|Any CPU
		{1A6A5E2F-CFEB-40FE-89DD-1DD449E7EAD9}.Debug|x64.Build.0 = Debug|Any CPU
		{1A6A5E2F-CFEB-40FE-89DD-1DD449E7EAD9}.Debug|x86.ActiveCfg = Debug|Any CPU
		{1A6A5E2F-CFEB-40FE-89DD-1DD449E7EAD9}.Debug|x86.Build.0 = Debug|Any CPU
		{1A6A5E2F-CFEB-40FE-89DD-1DD449E7EAD9}.Encrypted|Any CPU.ActiveCfg = Release|Any CPU
		{1A6A5E2F-CFEB-40FE-89DD-1DD449E7EAD9}.Encrypted|Any CPU.Build.0 = Release|Any CPU
		{1A6A5E2F-CFEB-40FE-89DD-1DD449E7EAD9}.Encrypted|x64.ActiveCfg = Release|Any CPU
		{1A6A5E2F-CFEB-40FE-89DD-1DD449E7EAD9}.Encrypted|x64.Build.0 = Release|Any CPU
		{1A6A5E2F-CFEB-40FE-89DD-1DD449E7EAD9}.Encrypted|x86.ActiveCfg = Release|Any CPU
		{1A6A5E2F-CFEB-40FE-89DD-1DD449E7EAD9}.Encrypted|x86.Build.0 = Release|Any CPU
		{1A6A5E2F-CFEB-40FE-89DD-1DD449E7EAD9}.Offline|Any CPU.ActiveCfg = Release|Any CPU
		{1A6A5E2F-CFEB-40FE-89DD-1DD449E7EAD9}.Offline|Any CPU.Build.0 = Release|Any CPU
		{1A6A5E2F-CFEB-40FE-89DD-1DD449E7EAD9}.Offline|x64.ActiveCfg = Release|Any CPU
		{1A6A5E2F-CFEB-40FE-89DD-1DD449E7EAD9}.Offline|x64.Build.0 = Release|Any CPU
		{1A6A5E2F-CFEB-40FE-89DD-1DD449E7EAD9}.Offline|x86.ActiveCfg = Release|Any CPU
		{1A6A5E2F-CFEB-40FE-89DD-1DD449E7EAD9}.Offline|x86.Build.0 = Release|Any CPU
		{1A6A5E2F-CFEB-40FE-89DD-1DD449E7EAD9}.Optimized|Any CPU.ActiveCfg = Release|Any CPU
		{1A6A5E2F-CFEB-40FE-89DD-1DD449E7EAD9}.Optimized|Any CPU.Build.0 = Release|Any CPU
		{1A6A5E2F-CFEB-40FE-89DD-1DD449E7EAD9}.Optimized|x64.ActiveCfg = Release|Any CPU
		{1A6A5E2F-CFEB-40FE-89DD-1DD449E7EAD9}.Optimized|x64.Build.0 = Release|Any CPU
		{1A6A5E2F-CFEB-40FE-89DD-1DD449E7EAD9}.Optimized|x86.ActiveCfg = Release|Any CPU
		{1A6A5E2F-CFEB-40FE-89DD-1DD449E7EAD9}.Optimized|x86.Build.0 = Release|Any CPU
		{1A6A5E2F-CFEB-40FE-89DD-1DD449E7EAD9}.Release|Any CPU.ActiveCfg = Release|Any CPU
		{1A6A5E2F-CFEB-40FE-89DD-1DD449E7EAD9}.Release|Any CPU.Build.0 = Release|Any CPU
		{1A6A5E2F-CFEB-40FE-89DD-1DD449E7EAD9}.Release|x64.ActiveCfg = Release|Any CPU
		{1A6A5E2F-CFEB-40FE-89DD-1DD449E7EAD9}.Release|x64.Build.0 = Release|Any CPU
		{1A6A5E2F-CFEB-40FE-89DD-1DD449E7EAD9}.Release|x86.ActiveCfg = Release|Any CPU
		{1A6A5E2F-CFEB-40FE-89DD-1DD449E7EAD9}.Release|x86.Build.0 = Release|Any CPU
		{1A6A5E2F-CFEB-40FE-89DD-1DD449E7EAD9}.Slave|Any CPU.ActiveCfg = Release|Any CPU
		{1A6A5E2F-CFEB-40FE-89DD-1DD449E7EAD9}.Slave|Any CPU.Build.0 = Release|Any CPU
		{1A6A5E2F-CFEB-40FE-89DD-1DD449E7EAD9}.Slave|x64.ActiveCfg = Release|Any CPU
		{1A6A5E2F-CFEB-40FE-89DD-1DD449E7EAD9}.Slave|x64.Build.0 = Release|Any CPU
		{1A6A5E2F-CFEB-40FE-89DD-1DD449E7EAD9}.Slave|x86.ActiveCfg = Release|Any CPU
		{1A6A5E2F-CFEB-40FE-89DD-1DD449E7EAD9}.Slave|x86.Build.0 = Release|Any CPU
		{6BFFB9CF-9B88-4E22-88F7-2CFC69C16B86}.Debug|Any CPU.ActiveCfg = Debug|Any CPU
		{6BFFB9CF-9B88-4E22-88F7-2CFC69C16B86}.Debug|Any CPU.Build.0 = Debug|Any CPU
		{6BFFB9CF-9B88-4E22-88F7-2CFC69C16B86}.Debug|x64.ActiveCfg = Debug|x64
		{6BFFB9CF-9B88-4E22-88F7-2CFC69C16B86}.Debug|x64.Build.0 = Debug|x64
		{6BFFB9CF-9B88-4E22-88F7-2CFC69C16B86}.Debug|x86.ActiveCfg = Debug|Any CPU
		{6BFFB9CF-9B88-4E22-88F7-2CFC69C16B86}.Debug|x86.Build.0 = Debug|Any CPU
		{6BFFB9CF-9B88-4E22-88F7-2CFC69C16B86}.Encrypted|Any CPU.ActiveCfg = Encrypted|Any CPU
		{6BFFB9CF-9B88-4E22-88F7-2CFC69C16B86}.Encrypted|Any CPU.Build.0 = Encrypted|Any CPU
		{6BFFB9CF-9B88-4E22-88F7-2CFC69C16B86}.Encrypted|x64.ActiveCfg = Encrypted|x64
		{6BFFB9CF-9B88-4E22-88F7-2CFC69C16B86}.Encrypted|x64.Build.0 = Encrypted|x64
		{6BFFB9CF-9B88-4E22-88F7-2CFC69C16B86}.Encrypted|x86.ActiveCfg = Encrypted|Any CPU
		{6BFFB9CF-9B88-4E22-88F7-2CFC69C16B86}.Encrypted|x86.Build.0 = Encrypted|Any CPU
		{6BFFB9CF-9B88-4E22-88F7-2CFC69C16B86}.Offline|Any CPU.ActiveCfg = Offline|Any CPU
		{6BFFB9CF-9B88-4E22-88F7-2CFC69C16B86}.Offline|Any CPU.Build.0 = Offline|Any CPU
		{6BFFB9CF-9B88-4E22-88F7-2CFC69C16B86}.Offline|x64.ActiveCfg = Offline|x64
		{6BFFB9CF-9B88-4E22-88F7-2CFC69C16B86}.Offline|x64.Build.0 = Offline|x64
		{6BFFB9CF-9B88-4E22-88F7-2CFC69C16B86}.Offline|x86.ActiveCfg = Offline|Any CPU
		{6BFFB9CF-9B88-4E22-88F7-2CFC69C16B86}.Offline|x86.Build.0 = Offline|Any CPU
		{6BFFB9CF-9B88-4E22-88F7-2CFC69C16B86}.Optimized|Any CPU.ActiveCfg = Optimized|Any CPU
		{6BFFB9CF-9B88-4E22-88F7-2CFC69C16B86}.Optimized|Any CPU.Build.0 = Optimized|Any CPU
		{6BFFB9CF-9B88-4E22-88F7-2CFC69C16B86}.Optimized|x64.ActiveCfg = Optimized|x64
		{6BFFB9CF-9B88-4E22-88F7-2CFC69C16B86}.Optimized|x64.Build.0 = Optimized|x64
		{6BFFB9CF-9B88-4E22-88F7-2CFC69C16B86}.Optimized|x86.ActiveCfg = Optimized|Any CPU
		{6BFFB9CF-9B88-4E22-88F7-2CFC69C16B86}.Optimized|x86.Build.0 = Optimized|Any CPU
		{6BFFB9CF-9B88-4E22-88F7-2CFC69C16B86}.Release|Any CPU.ActiveCfg = Release|Any CPU
		{6BFFB9CF-9B88-4E22-88F7-2CFC69C16B86}.Release|Any CPU.Build.0 = Release|Any CPU
		{6BFFB9CF-9B88-4E22-88F7-2CFC69C16B86}.Release|x64.ActiveCfg = Release|x64
		{6BFFB9CF-9B88-4E22-88F7-2CFC69C16B86}.Release|x64.Build.0 = Release|x64
		{6BFFB9CF-9B88-4E22-88F7-2CFC69C16B86}.Release|x86.ActiveCfg = Release|Any CPU
		{6BFFB9CF-9B88-4E22-88F7-2CFC69C16B86}.Release|x86.Build.0 = Release|Any CPU
		{6BFFB9CF-9B88-4E22-88F7-2CFC69C16B86}.Slave|Any CPU.ActiveCfg = Slave|Any CPU
		{6BFFB9CF-9B88-4E22-88F7-2CFC69C16B86}.Slave|Any CPU.Build.0 = Slave|Any CPU
		{6BFFB9CF-9B88-4E22-88F7-2CFC69C16B86}.Slave|x64.ActiveCfg = Slave|x64
		{6BFFB9CF-9B88-4E22-88F7-2CFC69C16B86}.Slave|x64.Build.0 = Slave|x64
		{6BFFB9CF-9B88-4E22-88F7-2CFC69C16B86}.Slave|x86.ActiveCfg = Slave|Any CPU
		{6BFFB9CF-9B88-4E22-88F7-2CFC69C16B86}.Slave|x86.Build.0 = Slave|Any CPU
		{D761145D-4EA6-4620-BCD5-51B85512A0E8}.Debug|Any CPU.ActiveCfg = Debug|Any CPU
		{D761145D-4EA6-4620-BCD5-51B85512A0E8}.Debug|Any CPU.Build.0 = Debug|Any CPU
		{D761145D-4EA6-4620-BCD5-51B85512A0E8}.Debug|x64.ActiveCfg = Debug|Any CPU
		{D761145D-4EA6-4620-BCD5-51B85512A0E8}.Debug|x64.Build.0 = Debug|Any CPU
		{D761145D-4EA6-4620-BCD5-51B85512A0E8}.Debug|x86.ActiveCfg = Debug|Any CPU
		{D761145D-4EA6-4620-BCD5-51B85512A0E8}.Debug|x86.Build.0 = Debug|Any CPU
		{D761145D-4EA6-4620-BCD5-51B85512A0E8}.Encrypted|Any CPU.ActiveCfg = Optimized|Any CPU
		{D761145D-4EA6-4620-BCD5-51B85512A0E8}.Encrypted|Any CPU.Build.0 = Optimized|Any CPU
		{D761145D-4EA6-4620-BCD5-51B85512A0E8}.Encrypted|x64.ActiveCfg = Optimized|Any CPU
		{D761145D-4EA6-4620-BCD5-51B85512A0E8}.Encrypted|x64.Build.0 = Optimized|Any CPU
		{D761145D-4EA6-4620-BCD5-51B85512A0E8}.Encrypted|x86.ActiveCfg = Optimized|Any CPU
		{D761145D-4EA6-4620-BCD5-51B85512A0E8}.Encrypted|x86.Build.0 = Optimized|Any CPU
		{D761145D-4EA6-4620-BCD5-51B85512A0E8}.Offline|Any CPU.ActiveCfg = Offline|Any CPU
		{D761145D-4EA6-4620-BCD5-51B85512A0E8}.Offline|Any CPU.Build.0 = Offline|Any CPU
		{D761145D-4EA6-4620-BCD5-51B85512A0E8}.Offline|x64.ActiveCfg = Offline|Any CPU
		{D761145D-4EA6-4620-BCD5-51B85512A0E8}.Offline|x64.Build.0 = Offline|Any CPU
		{D761145D-4EA6-4620-BCD5-51B85512A0E8}.Offline|x86.ActiveCfg = Offline|Any CPU
		{D761145D-4EA6-4620-BCD5-51B85512A0E8}.Offline|x86.Build.0 = Offline|Any CPU
		{D761145D-4EA6-4620-BCD5-51B85512A0E8}.Optimized|Any CPU.ActiveCfg = Optimized|Any CPU
		{D761145D-4EA6-4620-BCD5-51B85512A0E8}.Optimized|Any CPU.Build.0 = Optimized|Any CPU
		{D761145D-4EA6-4620-BCD5-51B85512A0E8}.Optimized|x64.ActiveCfg = Optimized|Any CPU
		{D761145D-4EA6-4620-BCD5-51B85512A0E8}.Optimized|x64.Build.0 = Optimized|Any CPU
		{D761145D-4EA6-4620-BCD5-51B85512A0E8}.Optimized|x86.ActiveCfg = Optimized|Any CPU
		{D761145D-4EA6-4620-BCD5-51B85512A0E8}.Optimized|x86.Build.0 = Optimized|Any CPU
		{D761145D-4EA6-4620-BCD5-51B85512A0E8}.Release|Any CPU.ActiveCfg = Release|Any CPU
		{D761145D-4EA6-4620-BCD5-51B85512A0E8}.Release|Any CPU.Build.0 = Release|Any CPU
		{D761145D-4EA6-4620-BCD5-51B85512A0E8}.Release|x64.ActiveCfg = Release|Any CPU
		{D761145D-4EA6-4620-BCD5-51B85512A0E8}.Release|x64.Build.0 = Release|Any CPU
		{D761145D-4EA6-4620-BCD5-51B85512A0E8}.Release|x86.ActiveCfg = Release|Any CPU
		{D761145D-4EA6-4620-BCD5-51B85512A0E8}.Release|x86.Build.0 = Release|Any CPU
		{D761145D-4EA6-4620-BCD5-51B85512A0E8}.Slave|Any CPU.ActiveCfg = Slave|Any CPU
		{D761145D-4EA6-4620-BCD5-51B85512A0E8}.Slave|Any CPU.Build.0 = Slave|Any CPU
		{D761145D-4EA6-4620-BCD5-51B85512A0E8}.Slave|x64.ActiveCfg = Slave|Any CPU
		{D761145D-4EA6-4620-BCD5-51B85512A0E8}.Slave|x64.Build.0 = Slave|Any CPU
		{D761145D-4EA6-4620-BCD5-51B85512A0E8}.Slave|x86.ActiveCfg = Slave|Any CPU
		{D761145D-4EA6-4620-BCD5-51B85512A0E8}.Slave|x86.Build.0 = Slave|Any CPU
		{24ED599A-29E9-4D61-9807-B6221C0518DD}.Debug|Any CPU.ActiveCfg = Debug|Any CPU
		{24ED599A-29E9-4D61-9807-B6221C0518DD}.Debug|Any CPU.Build.0 = Debug|Any CPU
		{24ED599A-29E9-4D61-9807-B6221C0518DD}.Debug|x64.ActiveCfg = Debug|x64
		{24ED599A-29E9-4D61-9807-B6221C0518DD}.Debug|x64.Build.0 = Debug|x64
		{24ED599A-29E9-4D61-9807-B6221C0518DD}.Debug|x86.ActiveCfg = Debug|x86
		{24ED599A-29E9-4D61-9807-B6221C0518DD}.Debug|x86.Build.0 = Debug|x86
		{24ED599A-29E9-4D61-9807-B6221C0518DD}.Encrypted|Any CPU.ActiveCfg = Optimized|Any CPU
		{24ED599A-29E9-4D61-9807-B6221C0518DD}.Encrypted|Any CPU.Build.0 = Optimized|Any CPU
		{24ED599A-29E9-4D61-9807-B6221C0518DD}.Encrypted|x64.ActiveCfg = Optimized|x64
		{24ED599A-29E9-4D61-9807-B6221C0518DD}.Encrypted|x64.Build.0 = Optimized|x64
		{24ED599A-29E9-4D61-9807-B6221C0518DD}.Encrypted|x86.ActiveCfg = Optimized|x86
		{24ED599A-29E9-4D61-9807-B6221C0518DD}.Encrypted|x86.Build.0 = Optimized|x86
		{24ED599A-29E9-4D61-9807-B6221C0518DD}.Offline|Any CPU.ActiveCfg = Offline|Any CPU
		{24ED599A-29E9-4D61-9807-B6221C0518DD}.Offline|Any CPU.Build.0 = Offline|Any CPU
		{24ED599A-29E9-4D61-9807-B6221C0518DD}.Offline|x64.ActiveCfg = Offline|x64
		{24ED599A-29E9-4D61-9807-B6221C0518DD}.Offline|x64.Build.0 = Offline|x64
		{24ED599A-29E9-4D61-9807-B6221C0518DD}.Offline|x86.ActiveCfg = Offline|x86
		{24ED599A-29E9-4D61-9807-B6221C0518DD}.Offline|x86.Build.0 = Offline|x86
		{24ED599A-29E9-4D61-9807-B6221C0518DD}.Optimized|Any CPU.ActiveCfg = Optimized|Any CPU
		{24ED599A-29E9-4D61-9807-B6221C0518DD}.Optimized|Any CPU.Build.0 = Optimized|Any CPU
		{24ED599A-29E9-4D61-9807-B6221C0518DD}.Optimized|x64.ActiveCfg = Optimized|x64
		{24ED599A-29E9-4D61-9807-B6221C0518DD}.Optimized|x64.Build.0 = Optimized|x64
		{24ED599A-29E9-4D61-9807-B6221C0518DD}.Optimized|x86.ActiveCfg = Optimized|x86
		{24ED599A-29E9-4D61-9807-B6221C0518DD}.Optimized|x86.Build.0 = Optimized|x86
		{24ED599A-29E9-4D61-9807-B6221C0518DD}.Release|Any CPU.ActiveCfg = Release|Any CPU
		{24ED599A-29E9-4D61-9807-B6221C0518DD}.Release|Any CPU.Build.0 = Release|Any CPU
		{24ED599A-29E9-4D61-9807-B6221C0518DD}.Release|x64.ActiveCfg = Release|x64
		{24ED599A-29E9-4D61-9807-B6221C0518DD}.Release|x64.Build.0 = Release|x64
		{24ED599A-29E9-4D61-9807-B6221C0518DD}.Release|x86.ActiveCfg = Release|x86
		{24ED599A-29E9-4D61-9807-B6221C0518DD}.Release|x86.Build.0 = Release|x86
		{24ED599A-29E9-4D61-9807-B6221C0518DD}.Slave|Any CPU.ActiveCfg = Slave|Any CPU
		{24ED599A-29E9-4D61-9807-B6221C0518DD}.Slave|Any CPU.Build.0 = Slave|Any CPU
		{24ED599A-29E9-4D61-9807-B6221C0518DD}.Slave|x64.ActiveCfg = Slave|x64
		{24ED599A-29E9-4D61-9807-B6221C0518DD}.Slave|x64.Build.0 = Slave|x64
		{24ED599A-29E9-4D61-9807-B6221C0518DD}.Slave|x86.ActiveCfg = Slave|x86
		{24ED599A-29E9-4D61-9807-B6221C0518DD}.Slave|x86.Build.0 = Slave|x86
	EndGlobalSection
	GlobalSection(SolutionProperties) = preSolution
		HideSolutionNode = FALSE
	EndGlobalSection
EndGlobal
